// !$*UTF8*$!
{
	archiveVersion = 1;
	classes = {
	};
	objectVersion = 46;
	objects = {

		FB90552EF471BFBE75CBBB48 = {isa = PBXBuildFile; fileRef = 23D92EE9E8010133AFF66C0C; };
		ABE80C14A9F8E46A0C9BC974 = {isa = PBXBuildFile; fileRef = EC16033909A251320A02D353; };
		907133A8E43A4C562552A78E = {isa = PBXBuildFile; fileRef = CCDC954C859F3EEB989B9E1D; };
		E540BCED348C7CE7768DE4D9 = {isa = PBXBuildFile; fileRef = C10E1D6AD57A9ACD6CCC2133; };
		B1BE340628B8D58ABE8DC5A1 = {isa = PBXBuildFile; fileRef = 26C12FF0FEE222CE2D49DB7D; };
		3D3A7DB70D16FDDC76908F85 = {isa = PBXBuildFile; fileRef = B3B8E1F4F83CDD7909E0417D; };
		C3A383D6CEFAF3104CDAE46C = {isa = PBXBuildFile; fileRef = 12F1D6F2C337F49194A67372; };
		AF3B19F36D2A4B70C2447D5E = {isa = PBXBuildFile; fileRef = F952FD50C10958623B5DA4A9; };
		F1B34AF03C6C956D25E8E2A1 = {isa = PBXBuildFile; fileRef = 044302ECE12881EC6A18AF6E; };
		F94593B9B5AF50E2D5625874 = {isa = PBXBuildFile; fileRef = A4E6E081A989105AC436B9BF; };
		D56C80BDCA5A263417573D25 = {isa = PBXBuildFile; fileRef = 2D7C7515F4004DDF25BC1E0D; };
		C5C07792E48B45A600BA3E81 = {isa = PBXBuildFile; fileRef = CC025B9485ED8D9B0B2BD249; };
		0B89AD15B98B36CBED41DDA0 = {isa = PBXBuildFile; fileRef = 86E587D588C7E10A44BBC551; };
		48AB36E815DB8A1F04F84AA1 = {isa = PBXBuildFile; fileRef = CA5A607B4F55603C7B5ADBA5; };
		7AB8B0336A5BE675C0459874 = {isa = PBXBuildFile; fileRef = ED0D2A47E8FCC2450C8CEFD4; };
		C85C370CC80A781594A36FB8 = {isa = PBXBuildFile; fileRef = C69507736337FE79D01204E2; };
		26D7E922B7076DF267D2C704 = {isa = PBXBuildFile; fileRef = 8D605FDE4BDA6CACD11BA989; };
		07C1F55ECE48E654933FD4E1 = {isa = PBXBuildFile; fileRef = 41DFE006453EF410CE2DA50B; };
		8AF78F3D596D59CA19229BC3 = {isa = PBXBuildFile; fileRef = 2B9AE522183D6D531D11B3D8; };
		67AED6330D7674CF50C3DB44 = {isa = PBXBuildFile; fileRef = 5D2C5CACD538E96BA4F5A394; };
		9B93C6E6F5B025B60DF4E472 = {isa = PBXBuildFile; fileRef = A182CAE91B4683503B8AA23C; };
		AE3836E229BB9141725575F5 = {isa = PBXBuildFile; fileRef = 3E48CA8E03D03DDC8579FDA3; };
		906452D563B46C4EE322244A = {isa = PBXBuildFile; fileRef = E334B607BD429A04F5B9D7E7; };
		31D01F564689BFBC108163A5 = {isa = PBXBuildFile; fileRef = 39C501E5953C86955B2E1D9A; };
		243B29865112F061042F5E52 = {isa = PBXBuildFile; fileRef = FFC01EE978F1CFA959896617; };
		75ACE18340AD8CF39D97457A = {isa = PBXBuildFile; fileRef = 7C95045B62D1E57276221A4B; };
		CB7E57B5F15654106A82EAF4 = {isa = PBXBuildFile; fileRef = 46B2DB9CF97D5C2F3E9AF38A; };
		C05A7B21F59BB647DF3956A2 = {isa = PBXBuildFile; fileRef = 0C646B71382F4A718DC74175; };
		48EE019D048076D315CE22E4 = {isa = PBXBuildFile; fileRef = F26C5DA7E0300EE07C67F533; };
		5B7718AC53C9E6114BB9B761 = {isa = PBXBuildFile; fileRef = 2424E229FD113CB0850E76BE; };
		D6E7ED91DF39F6211ABE8D17 = {isa = PBXBuildFile; fileRef = 173A677B62874C23ECBB8F89; };
		07ECAB6910A2F38F78BE3B4F = {isa = PBXBuildFile; fileRef = 697E17EF106E4AC83556FD24; };
		9C96652F8A93E0CA1EAF2409 = {isa = PBXBuildFile; fileRef = E32A7A7CB5F576853E35A154; };
		E7D1785F9BE4A488BC9C792F = {isa = PBXBuildFile; fileRef = 0302CA0D50AA0EF4FC4D0643; };
		54B3E32AEE2A121E53B3F7A6 = {isa = PBXBuildFile; fileRef = D0510A6762A32875BCC56427; };
		24372547FF129723F6B34461 = {isa = PBXBuildFile; fileRef = 591278EA243D67F7A754FCB7; };
		B5EBE0416CD1CD7A6B63C40C = {isa = PBXBuildFile; fileRef = D588F4E0A00150E43AEB9BC4; };
		528B51E6B727F1268F4CBA71 = {isa = PBXBuildFile; fileRef = 629C6E8C5EDF6C56846C8B46; };
		8AF5519080B6490CA3255693 = {isa = PBXBuildFile; fileRef = 346E97F2F68BEA88FB3E7CD5; };
		29AD45B9CBDB8DE5ED42C154 = {isa = PBXBuildFile; fileRef = F355AD281E9C36FB8C3C92DF; };
		993085934B79A1796FBA4CA9 = {isa = PBXBuildFile; fileRef = 5FF984120DFFE4936FDA5858; };
		49F39C8E725484F423064D44 = {isa = PBXBuildFile; fileRef = 8FC678D2BD55D1033AFD8AE5; };
		3B43A52C0FD2D8995CF4917A = {isa = PBXBuildFile; fileRef = C375750D47757828AFA3B520; };
		CADA6D9E5B97F6CB0F70FE09 = {isa = PBXBuildFile; fileRef = 22540A6BB07A7EEF7AE529C0; };
		77A5DCC897070805BBCF0146 = {isa = PBXBuildFile; fileRef = DC053F80923F618C1C307396; };
		B25A495B2D523C2793C3587C = {isa = PBXBuildFile; fileRef = 0C01E0DBBA4AA7ACABE4345F; };
		64455AB97F96025CB9420E88 = {isa = PBXBuildFile; fileRef = A2B8CF5716113FC902326F12; };
		52C8EC222375F7B8907B1163 = {isa = PBXBuildFile; fileRef = 4717E16933D98C1EEAA40A0C; };
		0302CA0D50AA0EF4FC4D0643 = {isa = PBXFileReference; lastKnownFileType = sourcecode.cpp.cpp; name = "include_juce_audio_plugin_client_utils.cpp"; path = "../../JuceLibraryCode/include_juce_audio_plugin_client_utils.cpp"; sourceTree = "SOURCE_ROOT"; };
		044302ECE12881EC6A18AF6E = {isa = PBXFileReference; lastKnownFileType = wrapper.framework; name = AVFoundation.framework; path = System/Library/Frameworks/AVFoundation.framework; sourceTree = SDKROOT; };
		0C01E0DBBA4AA7ACABE4345F = {isa = PBXFileReference; lastKnownFileType = sourcecode.cpp.objcpp; name = "include_juce_gui_extra.mm"; path = "../../JuceLibraryCode/include_juce_gui_extra.mm"; sourceTree = "SOURCE_ROOT"; };
		0C646B71382F4A718DC74175 = {isa = PBXFileReference; lastKnownFileType = sourcecode.cpp.objcpp; name = "include_juce_audio_devices.mm"; path = "../../JuceLibraryCode/include_juce_audio_devices.mm"; sourceTree = "SOURCE_ROOT"; };
		12F1D6F2C337F49194A67372 = {isa = PBXFileReference; lastKnownFileType = wrapper.framework; name = AudioToolbox.framework; path = System/Library/Frameworks/AudioToolbox.framework; sourceTree = SDKROOT; };
		166A1DD92F5FBFCF4E6D015A = {isa = PBXFileReference; lastKnownFileType = sourcecode.c.h; name = PluginEditor.h; path = ../../Source/PluginEditor.h; sourceTree = "SOURCE_ROOT"; };
		173A677B62874C23ECBB8F89 = {isa = PBXFileReference; lastKnownFileType = sourcecode.cpp.objcpp; name = "include_juce_audio_plugin_client_AU_1.mm"; path = "../../JuceLibraryCode/include_juce_audio_plugin_client_AU_1.mm"; sourceTree = "SOURCE_ROOT"; };
		208FBB4D9C763C3AD35CAD61 = {isa = PBXFileReference; lastKnownFileType = sourcecode.c.h; name = HeadTopHexData.h; path = ../../Source/GUI/HeadTopHexData.h; sourceTree = "SOURCE_ROOT"; };
		22540A6BB07A7EEF7AE529C0 = {isa = PBXFileReference; lastKnownFileType = sourcecode.cpp.objcpp; name = "include_juce_graphics.mm"; path = "../../JuceLibraryCode/include_juce_graphics.mm"; sourceTree = "SOURCE_ROOT"; };
		23D92EE9E8010133AFF66C0C = {isa = PBXFileReference; explicitFileType = wrapper.cfbundle; includeInIndex = 0; path = SofaPan.vst; sourceTree = "BUILT_PRODUCTS_DIR"; };
		2424E229FD113CB0850E76BE = {isa = PBXFileReference; lastKnownFileType = file.r; name = "include_juce_audio_plugin_client_AU.r"; path = "../../JuceLibraryCode/include_juce_audio_plugin_client_AU.r"; sourceTree = "SOURCE_ROOT"; };
		2460859F7532380971A05106 = {isa = PBXFileReference; lastKnownFileType = sourcecode.c.h; name = HeadSideHexData.h; path = ../../Source/GUI/HeadSideHexData.h; sourceTree = "SOURCE_ROOT"; };
		287202DCD13E185E66A482BC = {isa = PBXFileReference; lastKnownFileType = file; name = "juce_gui_basics"; path = "../../../../JUCE/modules/juce_gui_basics"; sourceTree = "SOURCE_ROOT"; };
		2B9AE522183D6D531D11B3D8 = {isa = PBXFileReference; lastKnownFileType = wrapper.framework; name = QuartzCore.framework; path = System/Library/Frameworks/QuartzCore.framework; sourceTree = SDKROOT; };
		2D7C7515F4004DDF25BC1E0D = {isa = PBXFileReference; lastKnownFileType = wrapper.framework; name = Cocoa.framework; path = System/Library/Frameworks/Cocoa.framework; sourceTree = SDKROOT; };
		2EAD75875DFB0FC40798F802 = {isa = PBXFileReference; lastKnownFileType = sourcecode.c.h; name = SOFAData.h; path = ../../Source/SOFAData.h; sourceTree = "SOURCE_ROOT"; };
		31F69D7D4BB38F7E82B7FEBC = {isa = PBXFileReference; lastKnownFileType = file; name = "juce_audio_devices"; path = "../../../../JUCE/modules/juce_audio_devices"; sourceTree = "SOURCE_ROOT"; };
		329C06DAD517D9C18622507F = {isa = PBXFileReference; lastKnownFileType = sourcecode.c.h; name = FilterEngine.h; path = ../../Source/FilterEngine.h; sourceTree = "SOURCE_ROOT"; };
		333DA34C86DB27237B10B542 = {isa = PBXFileReference; lastKnownFileType = sourcecode.c.h; name = SofaMetadataView.h; path = ../../Source/SofaMetadataView.h; sourceTree = "SOURCE_ROOT"; };
		346E97F2F68BEA88FB3E7CD5 = {isa = PBXFileReference; lastKnownFileType = sourcecode.cpp.objcpp; name = "include_juce_audio_utils.mm"; path = "../../JuceLibraryCode/include_juce_audio_utils.mm"; sourceTree = "SOURCE_ROOT"; };
		39C501E5953C86955B2E1D9A = {isa = PBXFileReference; lastKnownFileType = sourcecode.cpp.cpp; name = SOFAData.cpp; path = ../../Source/SOFAData.cpp; sourceTree = "SOURCE_ROOT"; };
		3E48CA8E03D03DDC8579FDA3 = {isa = PBXFileReference; lastKnownFileType = sourcecode.cpp.cpp; name = FilterEngineB.cpp; path = ../../Source/FilterEngineB.cpp; sourceTree = "SOURCE_ROOT"; };
		41DFE006453EF410CE2DA50B = {isa = PBXFileReference; lastKnownFileType = wrapper.framework; name = OpenGL.framework; path = System/Library/Frameworks/OpenGL.framework; sourceTree = SDKROOT; };
		455001AB6C4A1849870C8D97 = {isa = PBXFileReference; lastKnownFileType = sourcecode.c.h; name = elevationSliderLookAndFeel.h; path = ../../Source/GUI/elevationSliderLookAndFeel.h; sourceTree = "SOURCE_ROOT"; };
		46B2DB9CF97D5C2F3E9AF38A = {isa = PBXFileReference; lastKnownFileType = sourcecode.cpp.objcpp; name = "include_juce_audio_basics.mm"; path = "../../JuceLibraryCode/include_juce_audio_basics.mm"; sourceTree = "SOURCE_ROOT"; };
		4717E16933D98C1EEAA40A0C = {isa = PBXFileReference; lastKnownFileType = sourcecode.cpp.objcpp; name = "include_juce_video.mm"; path = "../../JuceLibraryCode/include_juce_video.mm"; sourceTree = "SOURCE_ROOT"; };
		4F814ECD8C92301456D3FA21 = {isa = PBXFileReference; lastKnownFileType = file; name = "juce_cryptography"; path = "../../../../JUCE/modules/juce_cryptography"; sourceTree = "SOURCE_ROOT"; };
		55EF5C51AC13152B7364FC32 = {isa = PBXFileReference; lastKnownFileType = file; name = "juce_opengl"; path = "../../../../JUCE/modules/juce_opengl"; sourceTree = "SOURCE_ROOT"; };
		591278EA243D67F7A754FCB7 = {isa = PBXFileReference; lastKnownFileType = sourcecode.cpp.cpp; name = "include_juce_audio_plugin_client_VST2.cpp"; path = "../../JuceLibraryCode/include_juce_audio_plugin_client_VST2.cpp"; sourceTree = "SOURCE_ROOT"; };
		5BC7696992806BA662D6F210 = {isa = PBXFileReference; lastKnownFileType = text.plist.xml; name = "Info-AUv3_AppExtension.plist"; path = "Info-AUv3_AppExtension.plist"; sourceTree = "SOURCE_ROOT"; };
		5D2C5CACD538E96BA4F5A394 = {isa = PBXFileReference; lastKnownFileType = wrapper.framework; name = WebKit.framework; path = System/Library/Frameworks/WebKit.framework; sourceTree = SDKROOT; };
		5E84A9483B944A4AD04D05EF = {isa = PBXFileReference; lastKnownFileType = sourcecode.c.h; name = customLookAndFeel.h; path = ../../Source/GUI/customLookAndFeel.h; sourceTree = "SOURCE_ROOT"; };
		5FF984120DFFE4936FDA5858 = {isa = PBXFileReference; lastKnownFileType = sourcecode.cpp.objcpp; name = "include_juce_cryptography.mm"; path = "../../JuceLibraryCode/include_juce_cryptography.mm"; sourceTree = "SOURCE_ROOT"; };
		61AE060FC76BB2D4B5FEECEC = {isa = PBXFileReference; lastKnownFileType = sourcecode.c.h; name = LogoHexData.h; path = ../../Source/GUI/LogoHexData.h; sourceTree = "SOURCE_ROOT"; };
		629C6E8C5EDF6C56846C8B46 = {isa = PBXFileReference; lastKnownFileType = sourcecode.cpp.objcpp; name = "include_juce_audio_processors.mm"; path = "../../JuceLibraryCode/include_juce_audio_processors.mm"; sourceTree = "SOURCE_ROOT"; };
		697E17EF106E4AC83556FD24 = {isa = PBXFileReference; lastKnownFileType = sourcecode.cpp.objcpp; name = "include_juce_audio_plugin_client_AU_2.mm"; path = "../../JuceLibraryCode/include_juce_audio_plugin_client_AU_2.mm"; sourceTree = "SOURCE_ROOT"; };
		6C6BDDBC6CB513842BC1FD95 = {isa = PBXFileReference; lastKnownFileType = sourcecode.c.h; name = PluginProcessor.h; path = ../../Source/PluginProcessor.h; sourceTree = "SOURCE_ROOT"; };
		7C95045B62D1E57276221A4B = {isa = PBXFileReference; lastKnownFileType = sourcecode.cpp.cpp; name = PluginEditor.cpp; path = ../../Source/PluginEditor.cpp; sourceTree = "SOURCE_ROOT"; };
		7DBFA85EB65778B52DEC0BD5 = {isa = PBXFileReference; lastKnownFileType = file; name = "juce_audio_utils"; path = "../../../../JUCE/modules/juce_audio_utils"; sourceTree = "SOURCE_ROOT"; };
		86E587D588C7E10A44BBC551 = {isa = PBXFileReference; lastKnownFileType = wrapper.framework; name = CoreAudioKit.framework; path = System/Library/Frameworks/CoreAudioKit.framework; sourceTree = SDKROOT; };
		8D605FDE4BDA6CACD11BA989 = {isa = PBXFileReference; lastKnownFileType = wrapper.framework; name = IOKit.framework; path = System/Library/Frameworks/IOKit.framework; sourceTree = SDKROOT; };
		8FC678D2BD55D1033AFD8AE5 = {isa = PBXFileReference; lastKnownFileType = sourcecode.cpp.objcpp; name = "include_juce_data_structures.mm"; path = "../../JuceLibraryCode/include_juce_data_structures.mm"; sourceTree = "SOURCE_ROOT"; };
		97207496F6586AC35FBE1075 = {isa = PBXFileReference; lastKnownFileType = file; name = "juce_audio_plugin_client"; path = "../../../../JUCE/modules/juce_audio_plugin_client"; sourceTree = "SOURCE_ROOT"; };
		99422BB4645CD77451639C54 = {isa = PBXFileReference; lastKnownFileType = file; name = "juce_gui_extra"; path = "../../../../JUCE/modules/juce_gui_extra"; sourceTree = "SOURCE_ROOT"; };
		A182CAE91B4683503B8AA23C = {isa = PBXFileReference; lastKnownFileType = file.nib; name = RecentFilesMenuTemplate.nib; path = RecentFilesMenuTemplate.nib; sourceTree = "SOURCE_ROOT"; };
		A2B8CF5716113FC902326F12 = {isa = PBXFileReference; lastKnownFileType = sourcecode.cpp.objcpp; name = "include_juce_opengl.mm"; path = "../../JuceLibraryCode/include_juce_opengl.mm"; sourceTree = "SOURCE_ROOT"; };
		A4E6E081A989105AC436B9BF = {isa = PBXFileReference; lastKnownFileType = wrapper.framework; name = Carbon.framework; path = System/Library/Frameworks/Carbon.framework; sourceTree = SDKROOT; };
		A7F4C52A71F30864F9616C3F = {isa = PBXFileReference; lastKnownFileType = file; name = "juce_events"; path = "../../../../JUCE/modules/juce_events"; sourceTree = "SOURCE_ROOT"; };
		ADB58F1266B6E61EB3F8DF9D = {isa = PBXFileReference; lastKnownFileType = file; name = "juce_graphics"; path = "../../../../JUCE/modules/juce_graphics"; sourceTree = "SOURCE_ROOT"; };
		AEDEBD27C978E3D25C189901 = {isa = PBXFileReference; lastKnownFileType = text.plist.xml; name = "Info-VST3.plist"; path = "Info-VST3.plist"; sourceTree = "SOURCE_ROOT"; };
		B3B8E1F4F83CDD7909E0417D = {isa = PBXFileReference; lastKnownFileType = wrapper.framework; name = Accelerate.framework; path = System/Library/Frameworks/Accelerate.framework; sourceTree = SDKROOT; };
		B9E6917F994442E402346D2A = {isa = PBXFileReference; lastKnownFileType = sourcecode.c.h; name = SpeakerHexData.h; path = ../../Source/GUI/SpeakerHexData.h; sourceTree = "SOURCE_ROOT"; };
		C69507736337FE79D01204E2 = {isa = PBXFileReference; lastKnownFileType = wrapper.framework; name = DiscRecording.framework; path = System/Library/Frameworks/DiscRecording.framework; sourceTree = SDKROOT; };
		EC16033909A251320A02D353 = {isa = PBXFileReference; explicitFileType = wrapper.cfbundle; includeInIndex = 0; path = SofaPan.vst3; sourceTree = "BUILT_PRODUCTS_DIR"; };
		CCDC954C859F3EEB989B9E1D = {isa = PBXFileReference; explicitFileType = wrapper.cfbundle; includeInIndex = 0; path = SofaPan.component; sourceTree = "BUILT_PRODUCTS_DIR"; };
		C10E1D6AD57A9ACD6CCC2133 = {isa = PBXFileReference; explicitFileType = "wrapper.app-extension"; includeInIndex = 0; path = SofaPan.appex; sourceTree = "BUILT_PRODUCTS_DIR"; };
		26C12FF0FEE222CE2D49DB7D = {isa = PBXFileReference; explicitFileType = archive.ar; includeInIndex = 0; path = libSofaPan.a; sourceTree = "BUILT_PRODUCTS_DIR"; };
		C375750D47757828AFA3B520 = {isa = PBXFileReference; lastKnownFileType = sourcecode.cpp.objcpp; name = "include_juce_events.mm"; path = "../../JuceLibraryCode/include_juce_events.mm"; sourceTree = "SOURCE_ROOT"; };
		C61DAB355CAA89B7C1C3190F = {isa = PBXFileReference; lastKnownFileType = file; name = "juce_audio_formats"; path = "../../../../JUCE/modules/juce_audio_formats"; sourceTree = "SOURCE_ROOT"; };
		CA5A607B4F55603C7B5ADBA5 = {isa = PBXFileReference; lastKnownFileType = wrapper.framework; name = CoreMedia.framework; path = System/Library/Frameworks/CoreMedia.framework; sourceTree = SDKROOT; };
		CB58AA1DC4062F642318D165 = {isa = PBXFileReference; lastKnownFileType = file; name = "juce_core"; path = "../../../../JUCE/modules/juce_core"; sourceTree = "SOURCE_ROOT"; };
		CC025B9485ED8D9B0B2BD249 = {isa = PBXFileReference; lastKnownFileType = wrapper.framework; name = CoreAudio.framework; path = System/Library/Frameworks/CoreAudio.framework; sourceTree = SDKROOT; };
		D01EF3CA875E223AEAC0AC4E = {isa = PBXFileReference; lastKnownFileType = file; name = "juce_audio_basics"; path = "../../../../JUCE/modules/juce_audio_basics"; sourceTree = "SOURCE_ROOT"; };
		D0510A6762A32875BCC56427 = {isa = PBXFileReference; lastKnownFileType = sourcecode.cpp.objcpp; name = "include_juce_audio_plugin_client_VST_utils.mm"; path = "../../JuceLibraryCode/include_juce_audio_plugin_client_VST_utils.mm"; sourceTree = "SOURCE_ROOT"; };
		D588F4E0A00150E43AEB9BC4 = {isa = PBXFileReference; lastKnownFileType = sourcecode.cpp.cpp; name = "include_juce_audio_plugin_client_VST3.cpp"; path = "../../JuceLibraryCode/include_juce_audio_plugin_client_VST3.cpp"; sourceTree = "SOURCE_ROOT"; };
		DAD35C0480377DAE5DBA8439 = {isa = PBXFileReference; lastKnownFileType = file; name = "juce_video"; path = "../../../../JUCE/modules/juce_video"; sourceTree = "SOURCE_ROOT"; };
		DC053F80923F618C1C307396 = {isa = PBXFileReference; lastKnownFileType = sourcecode.cpp.objcpp; name = "include_juce_gui_basics.mm"; path = "../../JuceLibraryCode/include_juce_gui_basics.mm"; sourceTree = "SOURCE_ROOT"; };
		DE062C118B1242FC43C94C6B = {isa = PBXFileReference; lastKnownFileType = file; name = "juce_audio_processors"; path = "../../../../JUCE/modules/juce_audio_processors"; sourceTree = "SOURCE_ROOT"; };
		E32A7A7CB5F576853E35A154 = {isa = PBXFileReference; lastKnownFileType = sourcecode.cpp.objcpp; name = "include_juce_audio_plugin_client_AUv3.mm"; path = "../../JuceLibraryCode/include_juce_audio_plugin_client_AUv3.mm"; sourceTree = "SOURCE_ROOT"; };
		E334B607BD429A04F5B9D7E7 = {isa = PBXFileReference; lastKnownFileType = sourcecode.cpp.cpp; name = FilterEngine.cpp; path = ../../Source/FilterEngine.cpp; sourceTree = "SOURCE_ROOT"; };
		E91147EEAEDFD2BE4D9BEC6D = {isa = PBXFileReference; lastKnownFileType = text.plist.xml; name = "Info-AU.plist"; path = "Info-AU.plist"; sourceTree = "SOURCE_ROOT"; };
		EC4EA57D911614D7E8B57C17 = {isa = PBXFileReference; lastKnownFileType = text.plist.xml; name = "Info-VST.plist"; path = "Info-VST.plist"; sourceTree = "SOURCE_ROOT"; };
		ED0D2A47E8FCC2450C8CEFD4 = {isa = PBXFileReference; lastKnownFileType = wrapper.framework; name = CoreMIDI.framework; path = System/Library/Frameworks/CoreMIDI.framework; sourceTree = SDKROOT; };
		EF19519F7DEE3E05B934F9A5 = {isa = PBXFileReference; lastKnownFileType = sourcecode.c.h; name = JuceHeader.h; path = ../../JuceLibraryCode/JuceHeader.h; sourceTree = "SOURCE_ROOT"; };
		F01EA2442865D036AABBBA5F = {isa = PBXFileReference; lastKnownFileType = file; name = "juce_data_structures"; path = "../../../../JUCE/modules/juce_data_structures"; sourceTree = "SOURCE_ROOT"; };
		F26C5DA7E0300EE07C67F533 = {isa = PBXFileReference; lastKnownFileType = sourcecode.cpp.objcpp; name = "include_juce_audio_formats.mm"; path = "../../JuceLibraryCode/include_juce_audio_formats.mm"; sourceTree = "SOURCE_ROOT"; };
		F355AD281E9C36FB8C3C92DF = {isa = PBXFileReference; lastKnownFileType = sourcecode.cpp.objcpp; name = "include_juce_core.mm"; path = "../../JuceLibraryCode/include_juce_core.mm"; sourceTree = "SOURCE_ROOT"; };
		F5871EBBDA6615F242CAF617 = {isa = PBXFileReference; lastKnownFileType = text.plist.xml; name = SofaPan.entitlements; path = SofaPan.entitlements; sourceTree = "SOURCE_ROOT"; };
		F952FD50C10958623B5DA4A9 = {isa = PBXFileReference; lastKnownFileType = wrapper.framework; name = AudioUnit.framework; path = System/Library/Frameworks/AudioUnit.framework; sourceTree = SDKROOT; };
		FB796BF702360FFC082AD735 = {isa = PBXFileReference; lastKnownFileType = sourcecode.c.h; name = AppConfig.h; path = ../../JuceLibraryCode/AppConfig.h; sourceTree = "SOURCE_ROOT"; };
		FC0514529346ABE146A6D99C = {isa = PBXFileReference; lastKnownFileType = sourcecode.c.h; name = FilterEngineB.h; path = ../../Source/FilterEngineB.h; sourceTree = "SOURCE_ROOT"; };
		FFC01EE978F1CFA959896617 = {isa = PBXFileReference; lastKnownFileType = sourcecode.cpp.cpp; name = PluginProcessor.cpp; path = ../../Source/PluginProcessor.cpp; sourceTree = "SOURCE_ROOT"; };
		E288659021FF9587FD166A06 = {isa = PBXGroup; children = (
					5E84A9483B944A4AD04D05EF,
					455001AB6C4A1849870C8D97,
					2460859F7532380971A05106,
					208FBB4D9C763C3AD35CAD61,
					61AE060FC76BB2D4B5FEECEC,
					B9E6917F994442E402346D2A, ); name = GUI; sourceTree = "<group>"; };
		FB82E0475378CC8D5713CDA4 = {isa = PBXGroup; children = (
					333DA34C86DB27237B10B542,
					3E48CA8E03D03DDC8579FDA3,
					FC0514529346ABE146A6D99C,
					E334B607BD429A04F5B9D7E7,
					329C06DAD517D9C18622507F,
					E288659021FF9587FD166A06,
					39C501E5953C86955B2E1D9A,
					2EAD75875DFB0FC40798F802,
					FFC01EE978F1CFA959896617,
					6C6BDDBC6CB513842BC1FD95,
					7C95045B62D1E57276221A4B,
					166A1DD92F5FBFCF4E6D015A, ); name = Source; sourceTree = "<group>"; };
		2A3A6E41B5E4231EF60CF018 = {isa = PBXGroup; children = (
					FB82E0475378CC8D5713CDA4, ); name = SofaPan; sourceTree = "<group>"; };
		022684D585577B0499A3B204 = {isa = PBXGroup; children = (
					D01EF3CA875E223AEAC0AC4E,
					31F69D7D4BB38F7E82B7FEBC,
					C61DAB355CAA89B7C1C3190F,
					97207496F6586AC35FBE1075,
					DE062C118B1242FC43C94C6B,
					7DBFA85EB65778B52DEC0BD5,
					CB58AA1DC4062F642318D165,
					4F814ECD8C92301456D3FA21,
					F01EA2442865D036AABBBA5F,
					A7F4C52A71F30864F9616C3F,
					ADB58F1266B6E61EB3F8DF9D,
					287202DCD13E185E66A482BC,
					99422BB4645CD77451639C54,
					55EF5C51AC13152B7364FC32,
					DAD35C0480377DAE5DBA8439, ); name = "Juce Modules"; sourceTree = "<group>"; };
		4D51CBD007D6258279F2D4A0 = {isa = PBXGroup; children = (
					FB796BF702360FFC082AD735,
					46B2DB9CF97D5C2F3E9AF38A,
					0C646B71382F4A718DC74175,
					F26C5DA7E0300EE07C67F533,
					2424E229FD113CB0850E76BE,
					173A677B62874C23ECBB8F89,
					697E17EF106E4AC83556FD24,
					E32A7A7CB5F576853E35A154,
					0302CA0D50AA0EF4FC4D0643,
					D0510A6762A32875BCC56427,
					591278EA243D67F7A754FCB7,
					D588F4E0A00150E43AEB9BC4,
					629C6E8C5EDF6C56846C8B46,
					346E97F2F68BEA88FB3E7CD5,
					F355AD281E9C36FB8C3C92DF,
					5FF984120DFFE4936FDA5858,
					8FC678D2BD55D1033AFD8AE5,
					C375750D47757828AFA3B520,
					22540A6BB07A7EEF7AE529C0,
					DC053F80923F618C1C307396,
					0C01E0DBBA4AA7ACABE4345F,
					A2B8CF5716113FC902326F12,
					4717E16933D98C1EEAA40A0C,
					EF19519F7DEE3E05B934F9A5, ); name = "Juce Library Code"; sourceTree = "<group>"; };
		75598C7D5A6D28E7FB02D6E3 = {isa = PBXGroup; children = (
					EC4EA57D911614D7E8B57C17,
					AEDEBD27C978E3D25C189901,
					E91147EEAEDFD2BE4D9BEC6D,
					5BC7696992806BA662D6F210,
					A182CAE91B4683503B8AA23C, ); name = Resources; sourceTree = "<group>"; };
		FC44428CC7F0B19CEB81598D = {isa = PBXGroup; children = (
					B3B8E1F4F83CDD7909E0417D,
					12F1D6F2C337F49194A67372,
					F952FD50C10958623B5DA4A9,
					044302ECE12881EC6A18AF6E,
					A4E6E081A989105AC436B9BF,
					2D7C7515F4004DDF25BC1E0D,
					CC025B9485ED8D9B0B2BD249,
					86E587D588C7E10A44BBC551,
					CA5A607B4F55603C7B5ADBA5,
					ED0D2A47E8FCC2450C8CEFD4,
					C69507736337FE79D01204E2,
					8D605FDE4BDA6CACD11BA989,
					41DFE006453EF410CE2DA50B,
					2B9AE522183D6D531D11B3D8,
					5D2C5CACD538E96BA4F5A394, ); name = Frameworks; sourceTree = "<group>"; };
		440D837D992726E30E3932E8 = {isa = PBXGroup; children = (
					23D92EE9E8010133AFF66C0C,
					EC16033909A251320A02D353,
					CCDC954C859F3EEB989B9E1D,
					C10E1D6AD57A9ACD6CCC2133,
					26C12FF0FEE222CE2D49DB7D, ); name = Products; sourceTree = "<group>"; };
		F69B6AF1267FE7A52443F3F7 = {isa = PBXGroup; children = (
					F5871EBBDA6615F242CAF617,
					2A3A6E41B5E4231EF60CF018,
					022684D585577B0499A3B204,
					4D51CBD007D6258279F2D4A0,
					75598C7D5A6D28E7FB02D6E3,
					FC44428CC7F0B19CEB81598D,
					440D837D992726E30E3932E8, ); name = Source; sourceTree = "<group>"; };
		0E7E7FD69B98B85279F45893 = {isa = XCBuildConfiguration; buildSettings = {  }; name = Debug; };
		FB1B96885970A4AB33327A54 = {isa = XCBuildConfiguration; buildSettings = {  }; name = Release; };
		5169985CDA2ED08D284BDE0E = {isa = XCBuildConfiguration; buildSettings = {
				CLANG_CXX_LANGUAGE_STANDARD = "c++0x";
				CLANG_LINK_OBJC_RUNTIME = NO;
				COMBINE_HIDPI_IMAGES = YES;
				CONFIGURATION_BUILD_DIR = "$(PROJECT_DIR)/build/$(CONFIGURATION)";
				COPY_PHASE_STRIP = NO;
				DEPLOYMENT_LOCATION = YES;
				DSTROOT = /;
				GCC_DYNAMIC_NO_PIC = NO;
				GCC_OPTIMIZATION_LEVEL = 0;
				GCC_PREPROCESSOR_DEFINITIONS = (
					"_DEBUG=1",
					"DEBUG=1",
					"JUCER_XCODE_MAC_F6D2F4CF=1",
					"JUCE_APP_VERSION=1.0.0",
					"JUCE_APP_VERSION_HEX=0x10000",
					"JucePlugin_Build_VST=1",
					"JucePlugin_Build_VST3=0",
					"JucePlugin_Build_AU=0",
					"JucePlugin_Build_AUv3=0",
					"JucePlugin_Build_RTAS=0",
					"JucePlugin_Build_AAX=0",
					"JucePlugin_Build_Standalone=0", );
				GCC_VERSION = com.apple.compilers.llvm.clang.1_0;
				GENERATE_PKGINFO_FILE = YES;
				HEADER_SEARCH_PATHS = ("/Users/David/GitRepos/vst3sdk", "../../JuceLibraryCode", "../../../../JUCE/modules", "../../../Dependencies/FFTW3/Mac", "../../../Dependencies/netCDF4/mac/include/", "../../../../JUCE/modules/juce_audio_plugin_client", "$(inherited)");
				INFOPLIST_FILE = Info-VST.plist;
				INSTALL_PATH = "$(HOME)/Library/Audio/Plug-Ins/VST/";
				LIBRARY_SEARCH_PATHS = ("$(inherited)", "\"../../../Dependencies/FFTW3/Mac\"", "\"../../../Dependencies/netCDF4/mac/lib/\"");
				LIBRARY_STYLE = Bundle;
				MACOSX_DEPLOYMENT_TARGET = 10.11;
				MACOSX_DEPLOYMENT_TARGET_ppc = 10.4;
				OTHER_LDFLAGS = "-bundle -lSofaPan -lfftw3f -lnetcdf";
				PRODUCT_BUNDLE_IDENTIFIER = com.yourcompany.SofaPan;
				SDKROOT_ppc = macosx10.5;
				WRAPPER_EXTENSION = vst; }; name = Debug; };
		3C912D35D71E0DE4C616D61C = {isa = XCBuildConfiguration; buildSettings = {
				CLANG_CXX_LANGUAGE_STANDARD = "c++0x";
				CLANG_LINK_OBJC_RUNTIME = NO;
				COMBINE_HIDPI_IMAGES = YES;
				CONFIGURATION_BUILD_DIR = "$(PROJECT_DIR)/build/$(CONFIGURATION)";
				DEAD_CODE_STRIPPING = YES;
				DEPLOYMENT_LOCATION = YES;
				DSTROOT = /;
				GCC_GENERATE_DEBUGGING_SYMBOLS = NO;
				GCC_OPTIMIZATION_LEVEL = 3;
				GCC_PREPROCESSOR_DEFINITIONS = (
					"_NDEBUG=1",
					"NDEBUG=1",
					"JUCER_XCODE_MAC_F6D2F4CF=1",
					"JUCE_APP_VERSION=1.0.0",
					"JUCE_APP_VERSION_HEX=0x10000",
					"JucePlugin_Build_VST=1",
					"JucePlugin_Build_VST3=0",
					"JucePlugin_Build_AU=0",
					"JucePlugin_Build_AUv3=0",
					"JucePlugin_Build_RTAS=0",
					"JucePlugin_Build_AAX=0",
					"JucePlugin_Build_Standalone=0", );
				GCC_SYMBOLS_PRIVATE_EXTERN = YES;
				GCC_VERSION = com.apple.compilers.llvm.clang.1_0;
				GENERATE_PKGINFO_FILE = YES;
				HEADER_SEARCH_PATHS = ("/Users/David/GitRepos/vst3sdk", "../../JuceLibraryCode", "../../../../JUCE/modules", "../../../Dependencies/FFTW3/Mac", "../../../Dependencies/netCDF4/mac/include/", "../../../../JUCE/modules/juce_audio_plugin_client", "$(inherited)");
				INFOPLIST_FILE = Info-VST.plist;
				INSTALL_PATH = "$(HOME)/Library/Audio/Plug-Ins/VST/";
				LIBRARY_SEARCH_PATHS = ("$(inherited)", "\"../../../Dependencies/FFTW3/Mac\"", "\"../../../Dependencies/netCDF4/mac/lib/\"");
				LIBRARY_STYLE = Bundle;
				MACOSX_DEPLOYMENT_TARGET = 10.11;
				MACOSX_DEPLOYMENT_TARGET_ppc = 10.4;
				OTHER_LDFLAGS = "-bundle -lSofaPan -lfftw3f -lnetcdf";
				PRODUCT_BUNDLE_IDENTIFIER = com.yourcompany.SofaPan;
				SDKROOT_ppc = macosx10.5;
				WRAPPER_EXTENSION = vst; }; name = Release; };
		507D63381E95B82A0A60BEE0 = {isa = XCBuildConfiguration; buildSettings = {
				CLANG_CXX_LANGUAGE_STANDARD = "c++0x";
				CLANG_LINK_OBJC_RUNTIME = NO;
				COMBINE_HIDPI_IMAGES = YES;
				CONFIGURATION_BUILD_DIR = "$(PROJECT_DIR)/build/$(CONFIGURATION)";
				COPY_PHASE_STRIP = NO;
				DEPLOYMENT_LOCATION = YES;
				DSTROOT = /;
				GCC_DYNAMIC_NO_PIC = NO;
				GCC_OPTIMIZATION_LEVEL = 0;
				GCC_PREPROCESSOR_DEFINITIONS = (
					"_DEBUG=1",
					"DEBUG=1",
					"JUCER_XCODE_MAC_F6D2F4CF=1",
					"JUCE_APP_VERSION=1.0.0",
					"JUCE_APP_VERSION_HEX=0x10000",
					"JucePlugin_Build_VST=0",
					"JucePlugin_Build_VST3=1",
					"JucePlugin_Build_AU=0",
					"JucePlugin_Build_AUv3=0",
					"JucePlugin_Build_RTAS=0",
					"JucePlugin_Build_AAX=0",
					"JucePlugin_Build_Standalone=0", );
				GCC_VERSION = com.apple.compilers.llvm.clang.1_0;
				GENERATE_PKGINFO_FILE = YES;
				HEADER_SEARCH_PATHS = ("/Users/David/GitRepos/vst3sdk", "../../JuceLibraryCode", "../../../../JUCE/modules", "../../../Dependencies/FFTW3/Mac", "../../../Dependencies/netCDF4/mac/include/", "../../../../JUCE/modules/juce_audio_plugin_client", "$(inherited)");
				INFOPLIST_FILE = Info-VST3.plist;
				INSTALL_PATH = "$(HOME)/Library/Audio/Plug-Ins/VST3/";
				LIBRARY_SEARCH_PATHS = ("$(inherited)", "\"../../../Dependencies/FFTW3/Mac\"", "\"../../../Dependencies/netCDF4/mac/lib/\"");
				LIBRARY_STYLE = Bundle;
				MACOSX_DEPLOYMENT_TARGET = 10.11;
				MACOSX_DEPLOYMENT_TARGET_ppc = 10.4;
				OTHER_LDFLAGS = "-bundle -lSofaPan -lfftw3f -lnetcdf";
				PRODUCT_BUNDLE_IDENTIFIER = com.yourcompany.SofaPan;
				SDKROOT_ppc = macosx10.5;
				WRAPPER_EXTENSION = vst3; }; name = Debug; };
		CF2032EA7AD265CF0F4641D4 = {isa = XCBuildConfiguration; buildSettings = {
				CLANG_CXX_LANGUAGE_STANDARD = "c++0x";
				CLANG_LINK_OBJC_RUNTIME = NO;
				COMBINE_HIDPI_IMAGES = YES;
				CONFIGURATION_BUILD_DIR = "$(PROJECT_DIR)/build/$(CONFIGURATION)";
				DEAD_CODE_STRIPPING = YES;
				DEPLOYMENT_LOCATION = YES;
				DSTROOT = /;
				GCC_GENERATE_DEBUGGING_SYMBOLS = NO;
				GCC_OPTIMIZATION_LEVEL = 3;
				GCC_PREPROCESSOR_DEFINITIONS = (
					"_NDEBUG=1",
					"NDEBUG=1",
					"JUCER_XCODE_MAC_F6D2F4CF=1",
					"JUCE_APP_VERSION=1.0.0",
					"JUCE_APP_VERSION_HEX=0x10000",
					"JucePlugin_Build_VST=0",
					"JucePlugin_Build_VST3=1",
					"JucePlugin_Build_AU=0",
					"JucePlugin_Build_AUv3=0",
					"JucePlugin_Build_RTAS=0",
					"JucePlugin_Build_AAX=0",
					"JucePlugin_Build_Standalone=0", );
				GCC_SYMBOLS_PRIVATE_EXTERN = YES;
				GCC_VERSION = com.apple.compilers.llvm.clang.1_0;
				GENERATE_PKGINFO_FILE = YES;
				HEADER_SEARCH_PATHS = ("/Users/David/GitRepos/vst3sdk", "../../JuceLibraryCode", "../../../../JUCE/modules", "../../../Dependencies/FFTW3/Mac", "../../../Dependencies/netCDF4/mac/include/", "../../../../JUCE/modules/juce_audio_plugin_client", "$(inherited)");
				INFOPLIST_FILE = Info-VST3.plist;
				INSTALL_PATH = "$(HOME)/Library/Audio/Plug-Ins/VST3/";
				LIBRARY_SEARCH_PATHS = ("$(inherited)", "\"../../../Dependencies/FFTW3/Mac\"", "\"../../../Dependencies/netCDF4/mac/lib/\"");
				LIBRARY_STYLE = Bundle;
				MACOSX_DEPLOYMENT_TARGET = 10.11;
				MACOSX_DEPLOYMENT_TARGET_ppc = 10.4;
				OTHER_LDFLAGS = "-bundle -lSofaPan -lfftw3f -lnetcdf";
				PRODUCT_BUNDLE_IDENTIFIER = com.yourcompany.SofaPan;
				SDKROOT_ppc = macosx10.5;
				WRAPPER_EXTENSION = vst3; }; name = Release; };
		3A326DC5CE27ACDF7AADDE7C = {isa = XCBuildConfiguration; buildSettings = {
				CLANG_CXX_LANGUAGE_STANDARD = "c++0x";
				CLANG_LINK_OBJC_RUNTIME = NO;
				COMBINE_HIDPI_IMAGES = YES;
				CONFIGURATION_BUILD_DIR = "$(PROJECT_DIR)/build/$(CONFIGURATION)";
				COPY_PHASE_STRIP = NO;
				DEPLOYMENT_LOCATION = YES;
				DSTROOT = /;
				GCC_DYNAMIC_NO_PIC = NO;
				GCC_OPTIMIZATION_LEVEL = 0;
				GCC_PREPROCESSOR_DEFINITIONS = (
					"_DEBUG=1",
					"DEBUG=1",
					"JUCER_XCODE_MAC_F6D2F4CF=1",
					"JUCE_APP_VERSION=1.0.0",
					"JUCE_APP_VERSION_HEX=0x10000",
					"JucePlugin_Build_VST=0",
					"JucePlugin_Build_VST3=0",
					"JucePlugin_Build_AU=1",
					"JucePlugin_Build_AUv3=0",
					"JucePlugin_Build_RTAS=0",
					"JucePlugin_Build_AAX=0",
					"JucePlugin_Build_Standalone=0", );
				GCC_VERSION = com.apple.compilers.llvm.clang.1_0;
				GENERATE_PKGINFO_FILE = YES;
				HEADER_SEARCH_PATHS = ("/Users/David/GitRepos/vst3sdk", "../../JuceLibraryCode", "../../../../JUCE/modules", "../../../Dependencies/FFTW3/Mac", "../../../Dependencies/netCDF4/mac/include/", "../../../../JUCE/modules/juce_audio_plugin_client", "$(inherited)");
				INFOPLIST_FILE = Info-AU.plist;
				INSTALL_PATH = "$(HOME)/Library/Audio/Plug-Ins/Components/";
				LIBRARY_SEARCH_PATHS = ("$(inherited)", "\"../../../Dependencies/FFTW3/Mac\"", "\"../../../Dependencies/netCDF4/mac/lib/\"");
				LIBRARY_STYLE = Bundle;
				MACOSX_DEPLOYMENT_TARGET = 10.11;
				MACOSX_DEPLOYMENT_TARGET_ppc = 10.4;
				OTHER_LDFLAGS = "-bundle -lSofaPan -lfftw3f -lnetcdf";
				OTHER_REZFLAGS = "-d ppc_$ppc -d i386_$i386 -d ppc64_$ppc64 -d x86_64_$x86_64 -I /System/Library/Frameworks/CoreServices.framework/Frameworks/CarbonCore.framework/Versions/A/Headers -I \"$(DEVELOPER_DIR)/Extras/CoreAudio/AudioUnits/AUPublic/AUBase\"";
				PRODUCT_BUNDLE_IDENTIFIER = com.yourcompany.SofaPan;
				SDKROOT_ppc = macosx10.5;
				WRAPPER_EXTENSION = component; }; name = Debug; };
		71B17CE2C8F26EEEC0DCCB6C = {isa = XCBuildConfiguration; buildSettings = {
				CLANG_CXX_LANGUAGE_STANDARD = "c++0x";
				CLANG_LINK_OBJC_RUNTIME = NO;
				COMBINE_HIDPI_IMAGES = YES;
				CONFIGURATION_BUILD_DIR = "$(PROJECT_DIR)/build/$(CONFIGURATION)";
				DEAD_CODE_STRIPPING = YES;
				DEPLOYMENT_LOCATION = YES;
				DSTROOT = /;
				GCC_GENERATE_DEBUGGING_SYMBOLS = NO;
				GCC_OPTIMIZATION_LEVEL = 3;
				GCC_PREPROCESSOR_DEFINITIONS = (
					"_NDEBUG=1",
					"NDEBUG=1",
					"JUCER_XCODE_MAC_F6D2F4CF=1",
					"JUCE_APP_VERSION=1.0.0",
					"JUCE_APP_VERSION_HEX=0x10000",
					"JucePlugin_Build_VST=0",
					"JucePlugin_Build_VST3=0",
					"JucePlugin_Build_AU=1",
					"JucePlugin_Build_AUv3=0",
					"JucePlugin_Build_RTAS=0",
					"JucePlugin_Build_AAX=0",
					"JucePlugin_Build_Standalone=0", );
				GCC_SYMBOLS_PRIVATE_EXTERN = YES;
				GCC_VERSION = com.apple.compilers.llvm.clang.1_0;
				GENERATE_PKGINFO_FILE = YES;
				HEADER_SEARCH_PATHS = ("/Users/David/GitRepos/vst3sdk", "../../JuceLibraryCode", "../../../../JUCE/modules", "../../../Dependencies/FFTW3/Mac", "../../../Dependencies/netCDF4/mac/include/", "../../../../JUCE/modules/juce_audio_plugin_client", "$(inherited)");
				INFOPLIST_FILE = Info-AU.plist;
				INSTALL_PATH = "$(HOME)/Library/Audio/Plug-Ins/Components/";
				LIBRARY_SEARCH_PATHS = ("$(inherited)", "\"../../../Dependencies/FFTW3/Mac\"", "\"../../../Dependencies/netCDF4/mac/lib/\"");
				LIBRARY_STYLE = Bundle;
				MACOSX_DEPLOYMENT_TARGET = 10.11;
				MACOSX_DEPLOYMENT_TARGET_ppc = 10.4;
				OTHER_LDFLAGS = "-bundle -lSofaPan -lfftw3f -lnetcdf";
				OTHER_REZFLAGS = "-d ppc_$ppc -d i386_$i386 -d ppc64_$ppc64 -d x86_64_$x86_64 -I /System/Library/Frameworks/CoreServices.framework/Frameworks/CarbonCore.framework/Versions/A/Headers -I \"$(DEVELOPER_DIR)/Extras/CoreAudio/AudioUnits/AUPublic/AUBase\"";
				PRODUCT_BUNDLE_IDENTIFIER = com.yourcompany.SofaPan;
				SDKROOT_ppc = macosx10.5;
				WRAPPER_EXTENSION = component; }; name = Release; };
		CBA821FD27B71DD76060B07F = {isa = XCBuildConfiguration; buildSettings = {
				ARCHS = "$(ARCHS_STANDARD_64_BIT)";
				CLANG_CXX_LANGUAGE_STANDARD = "c++0x";
				CLANG_LINK_OBJC_RUNTIME = NO;
				CODE_SIGN_ENTITLEMENTS = "SofaPan.entitlements";
				COMBINE_HIDPI_IMAGES = YES;
				CONFIGURATION_BUILD_DIR = "$(PROJECT_DIR)/build/$(CONFIGURATION)";
				COPY_PHASE_STRIP = NO;
				GCC_DYNAMIC_NO_PIC = NO;
				GCC_OPTIMIZATION_LEVEL = 0;
				GCC_PREPROCESSOR_DEFINITIONS = (
					"_DEBUG=1",
					"DEBUG=1",
					"JUCER_XCODE_MAC_F6D2F4CF=1",
					"JUCE_APP_VERSION=1.0.0",
					"JUCE_APP_VERSION_HEX=0x10000",
					"JucePlugin_Build_VST=0",
					"JucePlugin_Build_VST3=0",
					"JucePlugin_Build_AU=0",
					"JucePlugin_Build_AUv3=1",
					"JucePlugin_Build_RTAS=0",
					"JucePlugin_Build_AAX=0",
					"JucePlugin_Build_Standalone=0", );
				GCC_VERSION = com.apple.compilers.llvm.clang.1_0;
				HEADER_SEARCH_PATHS = ("/Users/David/GitRepos/vst3sdk", "../../JuceLibraryCode", "../../../../JUCE/modules", "../../../Dependencies/FFTW3/Mac", "../../../Dependencies/netCDF4/mac/include/", "../../../../JUCE/modules/juce_audio_plugin_client", "$(inherited)");
				INFOPLIST_FILE = Info-AUv3_AppExtension.plist;
				LIBRARY_SEARCH_PATHS = ("$(inherited)", "\"../../../Dependencies/FFTW3/Mac\"", "\"../../../Dependencies/netCDF4/mac/lib/\"");
				MACOSX_DEPLOYMENT_TARGET = 10.11;
				MACOSX_DEPLOYMENT_TARGET_ppc = 10.4;
				OTHER_LDFLAGS = "-lSofaPan -lfftw3f -lnetcdf";
				PRODUCT_BUNDLE_IDENTIFIER = com.yourcompany.SofaPan.SofaPanAUv3;
				SDKROOT_ppc = macosx10.5; }; name = Debug; };
		E233163E9E3615E78B977437 = {isa = XCBuildConfiguration; buildSettings = {
				ARCHS = "$(ARCHS_STANDARD_64_BIT)";
				CLANG_CXX_LANGUAGE_STANDARD = "c++0x";
				CLANG_LINK_OBJC_RUNTIME = NO;
				CODE_SIGN_ENTITLEMENTS = "SofaPan.entitlements";
				COMBINE_HIDPI_IMAGES = YES;
				CONFIGURATION_BUILD_DIR = "$(PROJECT_DIR)/build/$(CONFIGURATION)";
				DEAD_CODE_STRIPPING = YES;
				GCC_GENERATE_DEBUGGING_SYMBOLS = NO;
				GCC_OPTIMIZATION_LEVEL = 3;
				GCC_PREPROCESSOR_DEFINITIONS = (
					"_NDEBUG=1",
					"NDEBUG=1",
					"JUCER_XCODE_MAC_F6D2F4CF=1",
					"JUCE_APP_VERSION=1.0.0",
					"JUCE_APP_VERSION_HEX=0x10000",
					"JucePlugin_Build_VST=0",
					"JucePlugin_Build_VST3=0",
					"JucePlugin_Build_AU=0",
					"JucePlugin_Build_AUv3=1",
					"JucePlugin_Build_RTAS=0",
					"JucePlugin_Build_AAX=0",
					"JucePlugin_Build_Standalone=0", );
				GCC_SYMBOLS_PRIVATE_EXTERN = YES;
				GCC_VERSION = com.apple.compilers.llvm.clang.1_0;
				HEADER_SEARCH_PATHS = ("/Users/David/GitRepos/vst3sdk", "../../JuceLibraryCode", "../../../../JUCE/modules", "../../../Dependencies/FFTW3/Mac", "../../../Dependencies/netCDF4/mac/include/", "../../../../JUCE/modules/juce_audio_plugin_client", "$(inherited)");
				INFOPLIST_FILE = Info-AUv3_AppExtension.plist;
				LIBRARY_SEARCH_PATHS = ("$(inherited)", "\"../../../Dependencies/FFTW3/Mac\"", "\"../../../Dependencies/netCDF4/mac/lib/\"");
				MACOSX_DEPLOYMENT_TARGET = 10.11;
				MACOSX_DEPLOYMENT_TARGET_ppc = 10.4;
				OTHER_LDFLAGS = "-lSofaPan -lfftw3f -lnetcdf";
				PRODUCT_BUNDLE_IDENTIFIER = com.yourcompany.SofaPan.SofaPanAUv3;
				SDKROOT_ppc = macosx10.5; }; name = Release; };
		008BA02722F257348CD1853F = {isa = XCBuildConfiguration; buildSettings = {
				CLANG_CXX_LANGUAGE_STANDARD = "c++0x";
				CLANG_LINK_OBJC_RUNTIME = NO;
				COMBINE_HIDPI_IMAGES = YES;
				CONFIGURATION_BUILD_DIR = "$(PROJECT_DIR)/build/$(CONFIGURATION)";
				COPY_PHASE_STRIP = NO;
				GCC_DYNAMIC_NO_PIC = NO;
				GCC_OPTIMIZATION_LEVEL = 0;
				GCC_PREPROCESSOR_DEFINITIONS = (
					"_DEBUG=1",
					"DEBUG=1",
					"JUCER_XCODE_MAC_F6D2F4CF=1",
					"JUCE_APP_VERSION=1.0.0",
					"JUCE_APP_VERSION_HEX=0x10000",
					"JucePlugin_Build_VST=1",
					"JucePlugin_Build_VST3=1",
					"JucePlugin_Build_AU=1",
					"JucePlugin_Build_AUv3=1",
					"JucePlugin_Build_RTAS=0",
					"JucePlugin_Build_AAX=0",
					"JucePlugin_Build_Standalone=0",
					"JUCE_SHARED_CODE=1", );
				GCC_VERSION = com.apple.compilers.llvm.clang.1_0;
				HEADER_SEARCH_PATHS = ("/Users/David/GitRepos/vst3sdk", "../../JuceLibraryCode", "../../../../JUCE/modules", "../../../Dependencies/FFTW3/Mac", "../../../Dependencies/netCDF4/mac/include/", "../../../../JUCE/modules/juce_audio_plugin_client", "$(inherited)");
				INSTALL_PATH = "@executable_path/../Frameworks";
				LIBRARY_SEARCH_PATHS = ("$(inherited)", "\"../../../Dependencies/FFTW3/Mac\"", "\"../../../Dependencies/netCDF4/mac/lib/\"");
				MACOSX_DEPLOYMENT_TARGET = 10.11;
				MACOSX_DEPLOYMENT_TARGET_ppc = 10.4;
				OTHER_LDFLAGS = "-lfftw3f -lnetcdf";
				PRODUCT_BUNDLE_IDENTIFIER = com.yourcompany.SofaPan;
				SDKROOT_ppc = macosx10.5; }; name = Debug; };
		52B3444D9E473D28B098CE83 = {isa = XCBuildConfiguration; buildSettings = {
				CLANG_CXX_LANGUAGE_STANDARD = "c++0x";
				CLANG_LINK_OBJC_RUNTIME = NO;
				COMBINE_HIDPI_IMAGES = YES;
				CONFIGURATION_BUILD_DIR = "$(PROJECT_DIR)/build/$(CONFIGURATION)";
				DEAD_CODE_STRIPPING = YES;
				GCC_GENERATE_DEBUGGING_SYMBOLS = NO;
				GCC_OPTIMIZATION_LEVEL = 3;
				GCC_PREPROCESSOR_DEFINITIONS = (
					"_NDEBUG=1",
					"NDEBUG=1",
					"JUCER_XCODE_MAC_F6D2F4CF=1",
					"JUCE_APP_VERSION=1.0.0",
					"JUCE_APP_VERSION_HEX=0x10000",
					"JucePlugin_Build_VST=1",
					"JucePlugin_Build_VST3=1",
					"JucePlugin_Build_AU=1",
					"JucePlugin_Build_AUv3=1",
					"JucePlugin_Build_RTAS=0",
					"JucePlugin_Build_AAX=0",
					"JucePlugin_Build_Standalone=0",
					"JUCE_SHARED_CODE=1", );
				GCC_SYMBOLS_PRIVATE_EXTERN = YES;
				GCC_VERSION = com.apple.compilers.llvm.clang.1_0;
				HEADER_SEARCH_PATHS = ("/Users/David/GitRepos/vst3sdk", "../../JuceLibraryCode", "../../../../JUCE/modules", "../../../Dependencies/FFTW3/Mac", "../../../Dependencies/netCDF4/mac/include/", "../../../../JUCE/modules/juce_audio_plugin_client", "$(inherited)");
				INSTALL_PATH = "@executable_path/../Frameworks";
				LIBRARY_SEARCH_PATHS = ("$(inherited)", "\"../../../Dependencies/FFTW3/Mac\"", "\"../../../Dependencies/netCDF4/mac/lib/\"");
				MACOSX_DEPLOYMENT_TARGET = 10.11;
				MACOSX_DEPLOYMENT_TARGET_ppc = 10.4;
				OTHER_LDFLAGS = "-lfftw3f -lnetcdf";
				PRODUCT_BUNDLE_IDENTIFIER = com.yourcompany.SofaPan;
				SDKROOT_ppc = macosx10.5; }; name = Release; };
		124512482F94168B23BF2EC6 = {isa = XCBuildConfiguration; buildSettings = {
				ALWAYS_SEARCH_USER_PATHS = NO;
				DEBUG_INFORMATION_FORMAT = "dwarf";
				ENABLE_TESTABILITY = YES;
				GCC_C_LANGUAGE_STANDARD = c11;
				GCC_INLINES_ARE_PRIVATE_EXTERN = YES;
				GCC_MODEL_TUNING = G5;
				GCC_WARN_ABOUT_RETURN_TYPE = YES;
				GCC_WARN_CHECK_SWITCH_STATEMENTS = YES;
				GCC_WARN_MISSING_PARENTHESES = YES;
				GCC_WARN_NON_VIRTUAL_DESTRUCTOR = YES;
				GCC_WARN_TYPECHECK_CALLS_TO_PRINTF = YES;
				GCC_WARN_UNUSED_VARIABLE = YES;
				ONLY_ACTIVE_ARCH = YES;
				PRODUCT_NAME = "SofaPan";
				WARNING_CFLAGS = -Wreorder;
				ZERO_LINK = NO; }; name = Debug; };
		E357F18F542E8B9D934F08C2 = {isa = XCBuildConfiguration; buildSettings = {
				ALWAYS_SEARCH_USER_PATHS = NO;
				DEBUG_INFORMATION_FORMAT = "dwarf";
				GCC_C_LANGUAGE_STANDARD = c11;
				GCC_INLINES_ARE_PRIVATE_EXTERN = YES;
				GCC_MODEL_TUNING = G5;
				GCC_WARN_ABOUT_RETURN_TYPE = YES;
				GCC_WARN_CHECK_SWITCH_STATEMENTS = YES;
				GCC_WARN_MISSING_PARENTHESES = YES;
				GCC_WARN_NON_VIRTUAL_DESTRUCTOR = YES;
				GCC_WARN_TYPECHECK_CALLS_TO_PRINTF = YES;
				GCC_WARN_UNUSED_VARIABLE = YES;
				PRODUCT_NAME = "SofaPan";
				WARNING_CFLAGS = -Wreorder;
				ZERO_LINK = NO; }; name = Release; };
		5FF48C5CCC026D45D9EA5343 = {isa = PBXTargetDependency; target = 483523C19299498F4D6AD629; };
		C75BAF721776A1F4376AA08D = {isa = PBXTargetDependency; target = 4A658A61987E0BF83AC2D43D; };
		05900AE441C8D66186E6A182 = {isa = PBXTargetDependency; target = 004F9FD005DC10392E355F72; };
		80FC142B2681F573F372A8BD = {isa = PBXTargetDependency; target = E4C202288F13C045F5A7A513; };
		85C1A4FE858B4526EF6B971B = {isa = PBXTargetDependency; target = F3275D58DA46CF5CE4098AD6; };
		5795FDF67AB0A89D19429BB3 = {isa = XCConfigurationList; buildConfigurations = (
					124512482F94168B23BF2EC6,
					E357F18F542E8B9D934F08C2, ); defaultConfigurationIsVisible = 0; defaultConfigurationName = Debug; };
		3573F8CC6D3F46819BFE69B4 = {isa = XCConfigurationList; buildConfigurations = (
					0E7E7FD69B98B85279F45893,
					FB1B96885970A4AB33327A54, ); defaultConfigurationIsVisible = 0; defaultConfigurationName = Debug; };
		F0700BE19DB13E4A6A07A597 = {isa = PBXAggregateTarget; buildConfigurationList = 3573F8CC6D3F46819BFE69B4; buildPhases = (  ); buildRules = ( ); dependencies = (
					5FF48C5CCC026D45D9EA5343,
					C75BAF721776A1F4376AA08D,
					05900AE441C8D66186E6A182,
					80FC142B2681F573F372A8BD,
					85C1A4FE858B4526EF6B971B, ); name = "SofaPan - All"; productName = SofaPan; };
		2307E9EB5DB85FB053847699 = {isa = XCConfigurationList; buildConfigurations = (
					5169985CDA2ED08D284BDE0E,
					3C912D35D71E0DE4C616D61C, ); defaultConfigurationIsVisible = 0; defaultConfigurationName = Debug; };
		9DAC7E97B876F4CE128A645D = {isa = PBXResourcesBuildPhase; buildActionMask = 2147483647; files = (
					9B93C6E6F5B025B60DF4E472, ); runOnlyForDeploymentPostprocessing = 0; };
		014B846D4F8840F35B4454AC = {isa = PBXSourcesBuildPhase; buildActionMask = 2147483647; files = (
					24372547FF129723F6B34461, ); runOnlyForDeploymentPostprocessing = 0; };
		60B8DB14D11E1E765DC20D6C = {isa = PBXFrameworksBuildPhase; buildActionMask = 2147483647; files = (
					3D3A7DB70D16FDDC76908F85,
					C3A383D6CEFAF3104CDAE46C,
					F1B34AF03C6C956D25E8E2A1,
					F94593B9B5AF50E2D5625874,
					D56C80BDCA5A263417573D25,
					C5C07792E48B45A600BA3E81,
					48AB36E815DB8A1F04F84AA1,
					7AB8B0336A5BE675C0459874,
					C85C370CC80A781594A36FB8,
					26D7E922B7076DF267D2C704,
					07C1F55ECE48E654933FD4E1,
					8AF78F3D596D59CA19229BC3,
					67AED6330D7674CF50C3DB44, ); runOnlyForDeploymentPostprocessing = 0; };
		483523C19299498F4D6AD629 = {isa = PBXNativeTarget; buildConfigurationList = 2307E9EB5DB85FB053847699; buildPhases = (
					9DAC7E97B876F4CE128A645D,
					014B846D4F8840F35B4454AC,
					60B8DB14D11E1E765DC20D6C, ); buildRules = ( ); dependencies = (
					85C1A4FE858B4526EF6B971B, ); name = "SofaPan - VST"; productName = SofaPan; productReference = 23D92EE9E8010133AFF66C0C; productType = "com.apple.product-type.bundle"; };
		D384A00E0F90D747A6038845 = {isa = XCConfigurationList; buildConfigurations = (
					507D63381E95B82A0A60BEE0,
					CF2032EA7AD265CF0F4641D4, ); defaultConfigurationIsVisible = 0; defaultConfigurationName = Debug; };
		6F97A954F75BD1E3F8F02A2B = {isa = PBXResourcesBuildPhase; buildActionMask = 2147483647; files = (
					9B93C6E6F5B025B60DF4E472, ); runOnlyForDeploymentPostprocessing = 0; };
		C8C8C7ACCA7E5557200B6CF3 = {isa = PBXSourcesBuildPhase; buildActionMask = 2147483647; files = (
					B5EBE0416CD1CD7A6B63C40C, ); runOnlyForDeploymentPostprocessing = 0; };
		95C8649635F1C06B0CAED606 = {isa = PBXFrameworksBuildPhase; buildActionMask = 2147483647; files = (
					3D3A7DB70D16FDDC76908F85,
					C3A383D6CEFAF3104CDAE46C,
					F1B34AF03C6C956D25E8E2A1,
					F94593B9B5AF50E2D5625874,
					D56C80BDCA5A263417573D25,
					C5C07792E48B45A600BA3E81,
					48AB36E815DB8A1F04F84AA1,
					7AB8B0336A5BE675C0459874,
					C85C370CC80A781594A36FB8,
					26D7E922B7076DF267D2C704,
					07C1F55ECE48E654933FD4E1,
					8AF78F3D596D59CA19229BC3,
					67AED6330D7674CF50C3DB44, ); runOnlyForDeploymentPostprocessing = 0; };
		4A658A61987E0BF83AC2D43D = {isa = PBXNativeTarget; buildConfigurationList = D384A00E0F90D747A6038845; buildPhases = (
					6F97A954F75BD1E3F8F02A2B,
					C8C8C7ACCA7E5557200B6CF3,
					95C8649635F1C06B0CAED606, ); buildRules = ( ); dependencies = (
					85C1A4FE858B4526EF6B971B, ); name = "SofaPan - VST3"; productName = SofaPan; productReference = EC16033909A251320A02D353; productType = "com.apple.product-type.bundle"; };
		953ABE4D752602784EACD156 = {isa = XCConfigurationList; buildConfigurations = (
					3A326DC5CE27ACDF7AADDE7C,
					71B17CE2C8F26EEEC0DCCB6C, ); defaultConfigurationIsVisible = 0; defaultConfigurationName = Debug; };
		344901BDB61D94047D57B232 = {isa = PBXResourcesBuildPhase; buildActionMask = 2147483647; files = (
					9B93C6E6F5B025B60DF4E472, ); runOnlyForDeploymentPostprocessing = 0; };
		F23AE1294BD6C402C3BA5A1A = {isa = PBXRezBuildPhase; buildActionMask = 2147483647; files = (
					5B7718AC53C9E6114BB9B761, ); runOnlyForDeploymentPostprocessing = 0; };
		58DE11A7BB327C6FA3706AAE = {isa = PBXSourcesBuildPhase; buildActionMask = 2147483647; files = (
					D6E7ED91DF39F6211ABE8D17,
					07ECAB6910A2F38F78BE3B4F, ); runOnlyForDeploymentPostprocessing = 0; };
		DFE22D057E64EDFC6A34957D = {isa = PBXFrameworksBuildPhase; buildActionMask = 2147483647; files = (
					3D3A7DB70D16FDDC76908F85,
					C3A383D6CEFAF3104CDAE46C,
					AF3B19F36D2A4B70C2447D5E,
					F1B34AF03C6C956D25E8E2A1,
					F94593B9B5AF50E2D5625874,
					D56C80BDCA5A263417573D25,
					C5C07792E48B45A600BA3E81,
					0B89AD15B98B36CBED41DDA0,
					48AB36E815DB8A1F04F84AA1,
					7AB8B0336A5BE675C0459874,
					C85C370CC80A781594A36FB8,
					26D7E922B7076DF267D2C704,
					07C1F55ECE48E654933FD4E1,
					8AF78F3D596D59CA19229BC3,
					67AED6330D7674CF50C3DB44, ); runOnlyForDeploymentPostprocessing = 0; };
		004F9FD005DC10392E355F72 = {isa = PBXNativeTarget; buildConfigurationList = 953ABE4D752602784EACD156; buildPhases = (
					344901BDB61D94047D57B232,
					F23AE1294BD6C402C3BA5A1A,
					58DE11A7BB327C6FA3706AAE,
					DFE22D057E64EDFC6A34957D, ); buildRules = ( ); dependencies = (
					85C1A4FE858B4526EF6B971B, ); name = "SofaPan - AU"; productName = SofaPan; productReference = CCDC954C859F3EEB989B9E1D; productType = "com.apple.product-type.bundle"; };
		05A28C262B348E285776E181 = {isa = XCConfigurationList; buildConfigurations = (
					CBA821FD27B71DD76060B07F,
					E233163E9E3615E78B977437, ); defaultConfigurationIsVisible = 0; defaultConfigurationName = Debug; };
		0D5580733FB12C8C28FB2C1E = {isa = PBXResourcesBuildPhase; buildActionMask = 2147483647; files = (
					9B93C6E6F5B025B60DF4E472, ); runOnlyForDeploymentPostprocessing = 0; };
		0C6B977989FFEDFB6223A78D = {isa = PBXSourcesBuildPhase; buildActionMask = 2147483647; files = (
					9C96652F8A93E0CA1EAF2409, ); runOnlyForDeploymentPostprocessing = 0; };
		9AE44D5CB635D286AFB0A103 = {isa = PBXFrameworksBuildPhase; buildActionMask = 2147483647; files = (
					3D3A7DB70D16FDDC76908F85,
					C3A383D6CEFAF3104CDAE46C,
					AF3B19F36D2A4B70C2447D5E,
					F1B34AF03C6C956D25E8E2A1,
					F94593B9B5AF50E2D5625874,
					D56C80BDCA5A263417573D25,
					C5C07792E48B45A600BA3E81,
					0B89AD15B98B36CBED41DDA0,
					48AB36E815DB8A1F04F84AA1,
					7AB8B0336A5BE675C0459874,
					C85C370CC80A781594A36FB8,
					26D7E922B7076DF267D2C704,
					07C1F55ECE48E654933FD4E1,
					8AF78F3D596D59CA19229BC3,
					67AED6330D7674CF50C3DB44, ); runOnlyForDeploymentPostprocessing = 0; };
		E4C202288F13C045F5A7A513 = {isa = PBXNativeTarget; buildConfigurationList = 05A28C262B348E285776E181; buildPhases = (
					0D5580733FB12C8C28FB2C1E,
					0C6B977989FFEDFB6223A78D,
					9AE44D5CB635D286AFB0A103, ); buildRules = ( ); dependencies = (
					85C1A4FE858B4526EF6B971B, ); name = "SofaPan - AUv3 AppExtension"; productName = SofaPan; productReference = C10E1D6AD57A9ACD6CCC2133; productType = "com.apple.product-type.app-extension"; };
		DBF5430245B6F66AB164DAF6 = {isa = XCConfigurationList; buildConfigurations = (
					008BA02722F257348CD1853F,
					52B3444D9E473D28B098CE83, ); defaultConfigurationIsVisible = 0; defaultConfigurationName = Debug; };
		7B3DF44301194AF9358C628A = {isa = PBXSourcesBuildPhase; buildActionMask = 2147483647; files = (
					AE3836E229BB9141725575F5,
					906452D563B46C4EE322244A,
					31D01F564689BFBC108163A5,
					243B29865112F061042F5E52,
					75ACE18340AD8CF39D97457A,
					CB7E57B5F15654106A82EAF4,
					C05A7B21F59BB647DF3956A2,
					48EE019D048076D315CE22E4,
					E7D1785F9BE4A488BC9C792F,
					54B3E32AEE2A121E53B3F7A6,
					528B51E6B727F1268F4CBA71,
					8AF5519080B6490CA3255693,
					29AD45B9CBDB8DE5ED42C154,
					993085934B79A1796FBA4CA9,
					49F39C8E725484F423064D44,
					3B43A52C0FD2D8995CF4917A,
					CADA6D9E5B97F6CB0F70FE09,
					77A5DCC897070805BBCF0146,
					B25A495B2D523C2793C3587C,
					64455AB97F96025CB9420E88,
					52C8EC222375F7B8907B1163, ); runOnlyForDeploymentPostprocessing = 0; };
		F3275D58DA46CF5CE4098AD6 = {isa = PBXNativeTarget; buildConfigurationList = DBF5430245B6F66AB164DAF6; buildPhases = (
					7B3DF44301194AF9358C628A, ); buildRules = ( ); dependencies = (  ); name = "SofaPan - Shared Code"; productName = SofaPan; productReference = 26C12FF0FEE222CE2D49DB7D; productType = "com.apple.product-type.library.static"; };
		980704EC61FBF6DD2C7E6E3D = {isa = PBXProject; buildConfigurationList = 5795FDF67AB0A89D19429BB3; attributes = { LastUpgradeCheck = 0830; TargetAttributes = { F0700BE19DB13E4A6A07A597 = { SystemCapabilities = {com.apple.InAppPurchase = { enabled = 0; }; com.apple.InterAppAudio = { enabled = 0; }; com.apple.Sandbox = { enabled = 0; }; }; };483523C19299498F4D6AD629 = { SystemCapabilities = {com.apple.InAppPurchase = { enabled = 0; }; com.apple.InterAppAudio = { enabled = 0; }; com.apple.Sandbox = { enabled = 0; }; }; };4A658A61987E0BF83AC2D43D = { SystemCapabilities = {com.apple.InAppPurchase = { enabled = 0; }; com.apple.InterAppAudio = { enabled = 0; }; com.apple.Sandbox = { enabled = 0; }; }; };004F9FD005DC10392E355F72 = { SystemCapabilities = {com.apple.InAppPurchase = { enabled = 0; }; com.apple.InterAppAudio = { enabled = 0; }; com.apple.Sandbox = { enabled = 0; }; }; };E4C202288F13C045F5A7A513 = { SystemCapabilities = {com.apple.InAppPurchase = { enabled = 0; }; com.apple.InterAppAudio = { enabled = 0; }; com.apple.Sandbox = { enabled = 1; }; }; };F3275D58DA46CF5CE4098AD6 = { SystemCapabilities = {com.apple.InAppPurchase = { enabled = 0; }; com.apple.InterAppAudio = { enabled = 0; }; com.apple.Sandbox = { enabled = 0; }; }; }; }; }; compatibilityVersion = "Xcode 3.2"; hasScannedForEncodings = 0; mainGroup = F69B6AF1267FE7A52443F3F7; projectDirPath = ""; projectRoot = ""; targets = (F0700BE19DB13E4A6A07A597, 483523C19299498F4D6AD629, 4A658A61987E0BF83AC2D43D, 004F9FD005DC10392E355F72, E4C202288F13C045F5A7A513, F3275D58DA46CF5CE4098AD6); };
	};
	rootObject = 980704EC61FBF6DD2C7E6E3D;
}
